
Microsoft Visual Studio Solution File, Format Version 12.00
# Visual Studio Version 17
VisualStudioVersion = 17.14.36301.6 d17.14
MinimumVisualStudioVersion = 10.0.40219.1
Project("{FAE04EC0-301F-11D3-BF4B-00C04F79EFBC}") = "Grade Calculator", "Grade Calculator\Grade Calculator.csproj", "{1854FB10-E70D-41E2-9F14-C52BFFFEA812}"
EndProject
Global
	GlobalSection(SolutionConfigurationPlatforms) = preSolution
		Debug|Any CPU = Debug|Any CPU
		Release|Any CPU = Release|Any CPU
	EndGlobalSection
	GlobalSection(ProjectConfigurationPlatforms) = postSolution
		{1854FB10-E70D-41E2-9F14-C52BFFFEA812}.Debug|Any CPU.ActiveCfg = Debug|Any CPU
		{1854FB10-E70D-41E2-9F14-C52BFFFEA812}.Debug|Any CPU.Build.0 = Debug|Any CPU
		{1854FB10-E70D-41E2-9F14-C52BFFFEA812}.Release|Any CPU.ActiveCfg = Release|Any CPU
		{1854FB10-E70D-41E2-9F14-C52BFFFEA812}.Release|Any CPU.Build.0 = Release|Any CPU
	EndGlobalSection
	GlobalSection(SolutionProperties) = preSolution
		HideSolutionNode = FALSE
	EndGlobalSection
	GlobalSection(ExtensibilityGlobals) = postSolution
		SolutionGuid = {73B01412-71E4-4333-A51A-2CFA14C14147}
	EndGlobalSection
EndGlobal
